
Microsoft Visual Studio Solution File, Format Version 12.00
# Visual Studio Version 17
VisualStudioVersion = 17.0.32112.339
MinimumVisualStudioVersion = 10.0.40219.1
Project("{9A19103F-16F7-4668-BE54-9A1E7A4F7556}") = "ASP.NET_P5.JS", "ASP.NET_P5.JS\ASP.NET_P5.JS.csproj", "{10023076-24A1-41A6-A11B-C023DEB43FED}"
EndProject
Global
	GlobalSection(SolutionConfigurationPlatforms) = preSolution
		Debug|Any CPU = Debug|Any CPU
		Release|Any CPU = Release|Any CPU
	EndGlobalSection
	GlobalSection(ProjectConfigurationPlatforms) = postSolution
		{10023076-24A1-41A6-A11B-C023DEB43FED}.Debug|Any CPU.ActiveCfg = Debug|Any CPU
		{10023076-24A1-41A6-A11B-C023DEB43FED}.Debug|Any CPU.Build.0 = Debug|Any CPU
		{10023076-24A1-41A6-A11B-C023DEB43FED}.Release|Any CPU.ActiveCfg = Release|Any CPU
		{10023076-24A1-41A6-A11B-C023DEB43FED}.Release|Any CPU.Build.0 = Release|Any CPU
	EndGlobalSection
	GlobalSection(SolutionProperties) = preSolution
		HideSolutionNode = FALSE
	EndGlobalSection
	GlobalSection(ExtensibilityGlobals) = postSolution
		SolutionGuid = {1E272501-2775-4821-A341-3CA99FDCCC22}
	EndGlobalSection
EndGlobal
